
Microsoft Visual Studio Solution File, Format Version 12.00
# Visual Studio 15
Project("{FAE04EC0-301F-11D3-BF4B-00C04F79EFBC}") = "UnityEngine.TestRunner", "UnityEngine.TestRunner.csproj", "{C166DE39-5DAA-F5C5-8F35-650AB62AEC67}"
EndProject
Project("{FAE04EC0-301F-11D3-BF4B-00C04F79EFBC}") = "Unity.Mathematics", "Unity.Mathematics.csproj", "{75A84070-F465-F144-6C97-4124EA48DCD6}"
EndProject
Project("{FAE04EC0-301F-11D3-BF4B-00C04F79EFBC}") = "Unity.2D.Animation.Triangle.Runtime", "Unity.2D.Animation.Triangle.Runtime.csproj", "{B05F90CE-2621-881C-BB4F-F76FB654B580}"
EndProject
Project("{FAE04EC0-301F-11D3-BF4B-00C04F79EFBC}") = "Unity.Timeline", "Unity.Timeline.csproj", "{B4C2349E-EE92-5FA0-DA1B-CF22CA105543}"
EndProject
Project("{FAE04EC0-301F-11D3-BF4B-00C04F79EFBC}") = "UnityEngine.UI", "UnityEngine.UI.csproj", "{1E82ABC5-EC98-C736-0651-3A1BC94A48EA}"
EndProject
Project("{FAE04EC0-301F-11D3-BF4B-00C04F79EFBC}") = "Unity.TextMeshPro", "Unity.TextMeshPro.csproj", "{872E8C98-ABB2-D5A4-99C5-7D65DD31B1DA}"
EndProject
Project("{FAE04EC0-301F-11D3-BF4B-00C04F79EFBC}") = "Unity.2D.Animation.Runtime", "Unity.2D.Animation.Runtime.csproj", "{0516BE7F-A2DB-AC1E-1E3C-A99D9A314EC7}"
EndProject
Project("{FAE04EC0-301F-11D3-BF4B-00C04F79EFBC}") = "Unity.2D.IK.Runtime", "Unity.2D.IK.Runtime.csproj", "{61EE2314-2995-2D5D-B1C1-F166058B47CC}"
EndProject
Project("{FAE04EC0-301F-11D3-BF4B-00C04F79EFBC}") = "Unity.2D.SpriteShape.Runtime", "Unity.2D.SpriteShape.Runtime.csproj", "{3E0DFE04-A1A1-F3BE-CDE4-685141367375}"
EndProject
Project("{FAE04EC0-301F-11D3-BF4B-00C04F79EFBC}") = "Unity.2D.PixelPerfect", "Unity.2D.PixelPerfect.csproj", "{2EF4346B-0020-0C8A-2035-BCDE5FD84A72}"
EndProject
Project("{FAE04EC0-301F-11D3-BF4B-00C04F79EFBC}") = "Assembly-CSharp", "Assembly-CSharp.csproj", "{AD4DA3B4-2EE9-499D-1CBB-43918670D574}"
EndProject
Project("{FAE04EC0-301F-11D3-BF4B-00C04F79EFBC}") = "Unity.2D.Common.Runtime", "Unity.2D.Common.Runtime.csproj", "{D34F786D-42BD-8F35-E2EC-AF6206DE0DCD}"
EndProject
Project("{FAE04EC0-301F-11D3-BF4B-00C04F79EFBC}") = "Unity.InternalAPIEngineBridge.001", "Unity.InternalAPIEngineBridge.001.csproj", "{ED8D01D1-7EB5-CDFF-9FAD-09E9AB4BA191}"
EndProject
Project("{FAE04EC0-301F-11D3-BF4B-00C04F79EFBC}") = "UnityEditor.TestRunner", "UnityEditor.TestRunner.csproj", "{6808BB59-A8F7-374C-301B-B7EC4370123A}"
EndProject
Project("{FAE04EC0-301F-11D3-BF4B-00C04F79EFBC}") = "UnityEditor.UI", "UnityEditor.UI.csproj", "{5BBA3E93-ABA4-88E2-E0F5-AA46B21043D6}"
EndProject
Project("{FAE04EC0-301F-11D3-BF4B-00C04F79EFBC}") = "Unity.Timeline.Editor", "Unity.Timeline.Editor.csproj", "{930A4696-BE3E-4521-9C76-96284CB0FDA1}"
EndProject
Project("{FAE04EC0-301F-11D3-BF4B-00C04F79EFBC}") = "Unity.VisualStudio.Editor", "Unity.VisualStudio.Editor.csproj", "{ED4955AA-F83F-6666-DCD7-ECA3F3D942FB}"
EndProject
Project("{FAE04EC0-301F-11D3-BF4B-00C04F79EFBC}") = "Unity.2D.Psdimporter.Editor", "Unity.2D.Psdimporter.Editor.csproj", "{B1072344-23D7-E260-304F-9C7578E79309}"
EndProject
Project("{FAE04EC0-301F-11D3-BF4B-00C04F79EFBC}") = "Unity.2D.Animation.Editor", "Unity.2D.Animation.Editor.csproj", "{67C4EF36-B518-7D8E-B2DF-F6616E4433DC}"
EndProject
Project("{FAE04EC0-301F-11D3-BF4B-00C04F79EFBC}") = "Unity.TextMeshPro.Editor", "Unity.TextMeshPro.Editor.csproj", "{100D5CC1-B68E-5615-FEDC-0FBDF931F5B1}"
EndProject
Project("{FAE04EC0-301F-11D3-BF4B-00C04F79EFBC}") = "Unity.2D.SpriteShape.Editor", "Unity.2D.SpriteShape.Editor.csproj", "{EC9946C2-9D9E-1494-20D9-EE284DEE5342}"
EndProject
Project("{FAE04EC0-301F-11D3-BF4B-00C04F79EFBC}") = "Unity.CollabProxy.Editor", "Unity.CollabProxy.Editor.csproj", "{91CBB711-2949-26A0-FB09-3F377D53402D}"
EndProject
Project("{FAE04EC0-301F-11D3-BF4B-00C04F79EFBC}") = "PsdPlugin", "PsdPlugin.csproj", "{00D8E510-C6B8-65A6-7BB3-1E9093AA1EA4}"
EndProject
Project("{FAE04EC0-301F-11D3-BF4B-00C04F79EFBC}") = "Unity.2D.Path.Editor", "Unity.2D.Path.Editor.csproj", "{3C4463FD-7247-99A0-0019-509B1B1463F9}"
EndProject
Project("{FAE04EC0-301F-11D3-BF4B-00C04F79EFBC}") = "Unity.Rider.Editor", "Unity.Rider.Editor.csproj", "{593B1D11-611D-7527-DEDF-05982253DA48}"
EndProject
Project("{FAE04EC0-301F-11D3-BF4B-00C04F79EFBC}") = "Unity.2D.IK.Editor", "Unity.2D.IK.Editor.csproj", "{8AC644FD-3B0A-5E38-DFD7-1B4D2EF465C5}"
EndProject
Project("{FAE04EC0-301F-11D3-BF4B-00C04F79EFBC}") = "Unity.2D.Sprite.Editor", "Unity.2D.Sprite.Editor.csproj", "{A7834AED-E783-1E82-4A17-A9646F7976EC}"
EndProject
Project("{FAE04EC0-301F-11D3-BF4B-00C04F79EFBC}") = "Unity.2D.Tilemap.Editor", "Unity.2D.Tilemap.Editor.csproj", "{C1E85E19-C3A1-EE54-E2A8-812664119711}"
EndProject
Project("{FAE04EC0-301F-11D3-BF4B-00C04F79EFBC}") = "Unity.2D.PixelPerfect.Editor", "Unity.2D.PixelPerfect.Editor.csproj", "{D0B862F8-EC8C-62EE-7490-572A51E163EA}"
EndProject
Project("{FAE04EC0-301F-11D3-BF4B-00C04F79EFBC}") = "Unity.VSCode.Editor", "Unity.VSCode.Editor.csproj", "{79192561-100D-851C-C000-19B00D66C00F}"
EndProject
Project("{FAE04EC0-301F-11D3-BF4B-00C04F79EFBC}") = "Unity.2D.Common.Editor", "Unity.2D.Common.Editor.csproj", "{A3FCA843-FC4C-ADBB-F0E6-D03C6B37F4C0}"
EndProject
Project("{FAE04EC0-301F-11D3-BF4B-00C04F79EFBC}") = "Unity.Mathematics.Editor", "Unity.Mathematics.Editor.csproj", "{0115BD75-E10E-F6D4-7339-EDA6C493F84A}"
EndProject
Project("{FAE04EC0-301F-11D3-BF4B-00C04F79EFBC}") = "Unity.InternalAPIEditorBridge.001", "Unity.InternalAPIEditorBridge.001.csproj", "{1E41912A-29E1-8B30-D289-B62326F0070B}"
EndProject
Project("{FAE04EC0-301F-11D3-BF4B-00C04F79EFBC}") = "UnityEngine.TestRunner", "UnityEngine.TestRunner.Player.csproj", "{4398B69C-BA97-6742-B69E-C4F29B6D9671}"
EndProject
Project("{FAE04EC0-301F-11D3-BF4B-00C04F79EFBC}") = "Unity.Mathematics", "Unity.Mathematics.Player.csproj", "{026919F4-D15B-F7A3-5055-915EB98DB6E6}"
EndProject
Project("{FAE04EC0-301F-11D3-BF4B-00C04F79EFBC}") = "Unity.2D.Animation.Triangle.Runtime", "Unity.2D.Animation.Triangle.Runtime.Player.csproj", "{FD2545A7-7919-D279-57CB-E2214E4434D2}"
EndProject
Project("{FAE04EC0-301F-11D3-BF4B-00C04F79EFBC}") = "Unity.Timeline", "Unity.Timeline.Player.csproj", "{F7A9319B-EEDF-1E9B-21E1-72D8EBC2EEDD}"
EndProject
Project("{FAE04EC0-301F-11D3-BF4B-00C04F79EFBC}") = "UnityEngine.UI", "UnityEngine.UI.Player.csproj", "{EEA4C37C-767A-3FB7-15ED-C59A9562AD5F}"
EndProject
Project("{FAE04EC0-301F-11D3-BF4B-00C04F79EFBC}") = "Unity.TextMeshPro", "Unity.TextMeshPro.Player.csproj", "{DC342AE7-1BF8-726A-6EE4-E5370A39847E}"
EndProject
Project("{FAE04EC0-301F-11D3-BF4B-00C04F79EFBC}") = "Unity.2D.Animation.Runtime", "Unity.2D.Animation.Runtime.Player.csproj", "{1D815E9D-C2D5-C01A-FDEC-039BB0584D57}"
EndProject
Project("{FAE04EC0-301F-11D3-BF4B-00C04F79EFBC}") = "Unity.2D.IK.Runtime", "Unity.2D.IK.Runtime.Player.csproj", "{2EAFDF1C-5573-9A97-A784-5F91CD5C72D3}"
EndProject
Project("{FAE04EC0-301F-11D3-BF4B-00C04F79EFBC}") = "Unity.2D.SpriteShape.Runtime", "Unity.2D.SpriteShape.Runtime.Player.csproj", "{159C6883-2874-6EC4-5B7B-FA3B8F6772C9}"
EndProject
Project("{FAE04EC0-301F-11D3-BF4B-00C04F79EFBC}") = "Unity.2D.PixelPerfect", "Unity.2D.PixelPerfect.Player.csproj", "{F2E2B074-0A79-45B9-710B-1F50B706E01D}"
EndProject
Project("{FAE04EC0-301F-11D3-BF4B-00C04F79EFBC}") = "Assembly-CSharp", "Assembly-CSharp.Player.csproj", "{B58D9038-69A7-E900-6451-8A404CEB40CD}"
EndProject
Project("{FAE04EC0-301F-11D3-BF4B-00C04F79EFBC}") = "Unity.2D.Common.Runtime", "Unity.2D.Common.Runtime.Player.csproj", "{74CA9AAC-84D5-EF12-CD29-D1D48C998DE5}"
EndProject
Project("{FAE04EC0-301F-11D3-BF4B-00C04F79EFBC}") = "Unity.InternalAPIEngineBridge.001", "Unity.InternalAPIEngineBridge.001.Player.csproj", "{AA34B87B-BDB8-DDE8-D2F2-E5E18182C7BF}"
EndProject
Global
	GlobalSection(SolutionConfigurationPlatforms) = preSolution
		Debug|Any CPU = Debug|Any CPU
		Release|Any CPU = Release|Any CPU
	EndGlobalSection
	GlobalSection(ProjectConfigurationPlatforms) = postSolution
		{C166DE39-5DAA-F5C5-8F35-650AB62AEC67}.Debug|Any CPU.ActiveCfg = Debug|Any CPU
		{C166DE39-5DAA-F5C5-8F35-650AB62AEC67}.Debug|Any CPU.Build.0 = Debug|Any CPU
		{C166DE39-5DAA-F5C5-8F35-650AB62AEC67}.Release|Any CPU.ActiveCfg = Release|Any CPU
		{C166DE39-5DAA-F5C5-8F35-650AB62AEC67}.Release|Any CPU.Build.0 = Release|Any CPU
		{75A84070-F465-F144-6C97-4124EA48DCD6}.Debug|Any CPU.ActiveCfg = Debug|Any CPU
		{75A84070-F465-F144-6C97-4124EA48DCD6}.Debug|Any CPU.Build.0 = Debug|Any CPU
		{75A84070-F465-F144-6C97-4124EA48DCD6}.Release|Any CPU.ActiveCfg = Release|Any CPU
		{75A84070-F465-F144-6C97-4124EA48DCD6}.Release|Any CPU.Build.0 = Release|Any CPU
		{B05F90CE-2621-881C-BB4F-F76FB654B580}.Debug|Any CPU.ActiveCfg = Debug|Any CPU
		{B05F90CE-2621-881C-BB4F-F76FB654B580}.Debug|Any CPU.Build.0 = Debug|Any CPU
		{B05F90CE-2621-881C-BB4F-F76FB654B580}.Release|Any CPU.ActiveCfg = Release|Any CPU
		{B05F90CE-2621-881C-BB4F-F76FB654B580}.Release|Any CPU.Build.0 = Release|Any CPU
		{B4C2349E-EE92-5FA0-DA1B-CF22CA105543}.Debug|Any CPU.ActiveCfg = Debug|Any CPU
		{B4C2349E-EE92-5FA0-DA1B-CF22CA105543}.Debug|Any CPU.Build.0 = Debug|Any CPU
		{B4C2349E-EE92-5FA0-DA1B-CF22CA105543}.Release|Any CPU.ActiveCfg = Release|Any CPU
		{B4C2349E-EE92-5FA0-DA1B-CF22CA105543}.Release|Any CPU.Build.0 = Release|Any CPU
		{1E82ABC5-EC98-C736-0651-3A1BC94A48EA}.Debug|Any CPU.ActiveCfg = Debug|Any CPU
		{1E82ABC5-EC98-C736-0651-3A1BC94A48EA}.Debug|Any CPU.Build.0 = Debug|Any CPU
		{1E82ABC5-EC98-C736-0651-3A1BC94A48EA}.Release|Any CPU.ActiveCfg = Release|Any CPU
		{1E82ABC5-EC98-C736-0651-3A1BC94A48EA}.Release|Any CPU.Build.0 = Release|Any CPU
		{872E8C98-ABB2-D5A4-99C5-7D65DD31B1DA}.Debug|Any CPU.ActiveCfg = Debug|Any CPU
		{872E8C98-ABB2-D5A4-99C5-7D65DD31B1DA}.Debug|Any CPU.Build.0 = Debug|Any CPU
		{872E8C98-ABB2-D5A4-99C5-7D65DD31B1DA}.Release|Any CPU.ActiveCfg = Release|Any CPU
		{872E8C98-ABB2-D5A4-99C5-7D65DD31B1DA}.Release|Any CPU.Build.0 = Release|Any CPU
		{0516BE7F-A2DB-AC1E-1E3C-A99D9A314EC7}.Debug|Any CPU.ActiveCfg = Debug|Any CPU
		{0516BE7F-A2DB-AC1E-1E3C-A99D9A314EC7}.Debug|Any CPU.Build.0 = Debug|Any CPU
		{0516BE7F-A2DB-AC1E-1E3C-A99D9A314EC7}.Release|Any CPU.ActiveCfg = Release|Any CPU
		{0516BE7F-A2DB-AC1E-1E3C-A99D9A314EC7}.Release|Any CPU.Build.0 = Release|Any CPU
		{61EE2314-2995-2D5D-B1C1-F166058B47CC}.Debug|Any CPU.ActiveCfg = Debug|Any CPU
		{61EE2314-2995-2D5D-B1C1-F166058B47CC}.Debug|Any CPU.Build.0 = Debug|Any CPU
		{61EE2314-2995-2D5D-B1C1-F166058B47CC}.Release|Any CPU.ActiveCfg = Release|Any CPU
		{61EE2314-2995-2D5D-B1C1-F166058B47CC}.Release|Any CPU.Build.0 = Release|Any CPU
		{3E0DFE04-A1A1-F3BE-CDE4-685141367375}.Debug|Any CPU.ActiveCfg = Debug|Any CPU
		{3E0DFE04-A1A1-F3BE-CDE4-685141367375}.Debug|Any CPU.Build.0 = Debug|Any CPU
		{3E0DFE04-A1A1-F3BE-CDE4-685141367375}.Release|Any CPU.ActiveCfg = Release|Any CPU
		{3E0DFE04-A1A1-F3BE-CDE4-685141367375}.Release|Any CPU.Build.0 = Release|Any CPU
		{2EF4346B-0020-0C8A-2035-BCDE5FD84A72}.Debug|Any CPU.ActiveCfg = Debug|Any CPU
		{2EF4346B-0020-0C8A-2035-BCDE5FD84A72}.Debug|Any CPU.Build.0 = Debug|Any CPU
		{2EF4346B-0020-0C8A-2035-BCDE5FD84A72}.Release|Any CPU.ActiveCfg = Release|Any CPU
		{2EF4346B-0020-0C8A-2035-BCDE5FD84A72}.Release|Any CPU.Build.0 = Release|Any CPU
		{AD4DA3B4-2EE9-499D-1CBB-43918670D574}.Debug|Any CPU.ActiveCfg = Debug|Any CPU
		{AD4DA3B4-2EE9-499D-1CBB-43918670D574}.Debug|Any CPU.Build.0 = Debug|Any CPU
		{AD4DA3B4-2EE9-499D-1CBB-43918670D574}.Release|Any CPU.ActiveCfg = Release|Any CPU
		{AD4DA3B4-2EE9-499D-1CBB-43918670D574}.Release|Any CPU.Build.0 = Release|Any CPU
		{D34F786D-42BD-8F35-E2EC-AF6206DE0DCD}.Debug|Any CPU.ActiveCfg = Debug|Any CPU
		{D34F786D-42BD-8F35-E2EC-AF6206DE0DCD}.Debug|Any CPU.Build.0 = Debug|Any CPU
		{D34F786D-42BD-8F35-E2EC-AF6206DE0DCD}.Release|Any CPU.ActiveCfg = Release|Any CPU
		{D34F786D-42BD-8F35-E2EC-AF6206DE0DCD}.Release|Any CPU.Build.0 = Release|Any CPU
		{ED8D01D1-7EB5-CDFF-9FAD-09E9AB4BA191}.Debug|Any CPU.ActiveCfg = Debug|Any CPU
		{ED8D01D1-7EB5-CDFF-9FAD-09E9AB4BA191}.Debug|Any CPU.Build.0 = Debug|Any CPU
		{ED8D01D1-7EB5-CDFF-9FAD-09E9AB4BA191}.Release|Any CPU.ActiveCfg = Release|Any CPU
		{ED8D01D1-7EB5-CDFF-9FAD-09E9AB4BA191}.Release|Any CPU.Build.0 = Release|Any CPU
		{6808BB59-A8F7-374C-301B-B7EC4370123A}.Debug|Any CPU.ActiveCfg = Debug|Any CPU
		{6808BB59-A8F7-374C-301B-B7EC4370123A}.Debug|Any CPU.Build.0 = Debug|Any CPU
		{6808BB59-A8F7-374C-301B-B7EC4370123A}.Release|Any CPU.ActiveCfg = Release|Any CPU
		{6808BB59-A8F7-374C-301B-B7EC4370123A}.Release|Any CPU.Build.0 = Release|Any CPU
		{5BBA3E93-ABA4-88E2-E0F5-AA46B21043D6}.Debug|Any CPU.ActiveCfg = Debug|Any CPU
		{5BBA3E93-ABA4-88E2-E0F5-AA46B21043D6}.Debug|Any CPU.Build.0 = Debug|Any CPU
		{5BBA3E93-ABA4-88E2-E0F5-AA46B21043D6}.Release|Any CPU.ActiveCfg = Release|Any CPU
		{5BBA3E93-ABA4-88E2-E0F5-AA46B21043D6}.Release|Any CPU.Build.0 = Release|Any CPU
		{930A4696-BE3E-4521-9C76-96284CB0FDA1}.Debug|Any CPU.ActiveCfg = Debug|Any CPU
		{930A4696-BE3E-4521-9C76-96284CB0FDA1}.Debug|Any CPU.Build.0 = Debug|Any CPU
		{930A4696-BE3E-4521-9C76-96284CB0FDA1}.Release|Any CPU.ActiveCfg = Release|Any CPU
		{930A4696-BE3E-4521-9C76-96284CB0FDA1}.Release|Any CPU.Build.0 = Release|Any CPU
		{ED4955AA-F83F-6666-DCD7-ECA3F3D942FB}.Debug|Any CPU.ActiveCfg = Debug|Any CPU
		{ED4955AA-F83F-6666-DCD7-ECA3F3D942FB}.Debug|Any CPU.Build.0 = Debug|Any CPU
		{ED4955AA-F83F-6666-DCD7-ECA3F3D942FB}.Release|Any CPU.ActiveCfg = Release|Any CPU
		{ED4955AA-F83F-6666-DCD7-ECA3F3D942FB}.Release|Any CPU.Build.0 = Release|Any CPU
		{B1072344-23D7-E260-304F-9C7578E79309}.Debug|Any CPU.ActiveCfg = Debug|Any CPU
		{B1072344-23D7-E260-304F-9C7578E79309}.Debug|Any CPU.Build.0 = Debug|Any CPU
		{B1072344-23D7-E260-304F-9C7578E79309}.Release|Any CPU.ActiveCfg = Release|Any CPU
		{B1072344-23D7-E260-304F-9C7578E79309}.Release|Any CPU.Build.0 = Release|Any CPU
		{67C4EF36-B518-7D8E-B2DF-F6616E4433DC}.Debug|Any CPU.ActiveCfg = Debug|Any CPU
		{67C4EF36-B518-7D8E-B2DF-F6616E4433DC}.Debug|Any CPU.Build.0 = Debug|Any CPU
		{67C4EF36-B518-7D8E-B2DF-F6616E4433DC}.Release|Any CPU.ActiveCfg = Release|Any CPU
		{67C4EF36-B518-7D8E-B2DF-F6616E4433DC}.Release|Any CPU.Build.0 = Release|Any CPU
		{100D5CC1-B68E-5615-FEDC-0FBDF931F5B1}.Debug|Any CPU.ActiveCfg = Debug|Any CPU
		{100D5CC1-B68E-5615-FEDC-0FBDF931F5B1}.Debug|Any CPU.Build.0 = Debug|Any CPU
		{100D5CC1-B68E-5615-FEDC-0FBDF931F5B1}.Release|Any CPU.ActiveCfg = Release|Any CPU
		{100D5CC1-B68E-5615-FEDC-0FBDF931F5B1}.Release|Any CPU.Build.0 = Release|Any CPU
		{EC9946C2-9D9E-1494-20D9-EE284DEE5342}.Debug|Any CPU.ActiveCfg = Debug|Any CPU
		{EC9946C2-9D9E-1494-20D9-EE284DEE5342}.Debug|Any CPU.Build.0 = Debug|Any CPU
		{EC9946C2-9D9E-1494-20D9-EE284DEE5342}.Release|Any CPU.ActiveCfg = Release|Any CPU
		{EC9946C2-9D9E-1494-20D9-EE284DEE5342}.Release|Any CPU.Build.0 = Release|Any CPU
		{91CBB711-2949-26A0-FB09-3F377D53402D}.Debug|Any CPU.ActiveCfg = Debug|Any CPU
		{91CBB711-2949-26A0-FB09-3F377D53402D}.Debug|Any CPU.Build.0 = Debug|Any CPU
		{91CBB711-2949-26A0-FB09-3F377D53402D}.Release|Any CPU.ActiveCfg = Release|Any CPU
		{91CBB711-2949-26A0-FB09-3F377D53402D}.Release|Any CPU.Build.0 = Release|Any CPU
		{00D8E510-C6B8-65A6-7BB3-1E9093AA1EA4}.Debug|Any CPU.ActiveCfg = Debug|Any CPU
		{00D8E510-C6B8-65A6-7BB3-1E9093AA1EA4}.Debug|Any CPU.Build.0 = Debug|Any CPU
		{00D8E510-C6B8-65A6-7BB3-1E9093AA1EA4}.Release|Any CPU.ActiveCfg = Release|Any CPU
		{00D8E510-C6B8-65A6-7BB3-1E9093AA1EA4}.Release|Any CPU.Build.0 = Release|Any CPU
		{3C4463FD-7247-99A0-0019-509B1B1463F9}.Debug|Any CPU.ActiveCfg = Debug|Any CPU
		{3C4463FD-7247-99A0-0019-509B1B1463F9}.Debug|Any CPU.Build.0 = Debug|Any CPU
		{3C4463FD-7247-99A0-0019-509B1B1463F9}.Release|Any CPU.ActiveCfg = Release|Any CPU
		{3C4463FD-7247-99A0-0019-509B1B1463F9}.Release|Any CPU.Build.0 = Release|Any CPU
		{593B1D11-611D-7527-DEDF-05982253DA48}.Debug|Any CPU.ActiveCfg = Debug|Any CPU
		{593B1D11-611D-7527-DEDF-05982253DA48}.Debug|Any CPU.Build.0 = Debug|Any CPU
		{593B1D11-611D-7527-DEDF-05982253DA48}.Release|Any CPU.ActiveCfg = Release|Any CPU
		{593B1D11-611D-7527-DEDF-05982253DA48}.Release|Any CPU.Build.0 = Release|Any CPU
		{8AC644FD-3B0A-5E38-DFD7-1B4D2EF465C5}.Debug|Any CPU.ActiveCfg = Debug|Any CPU
		{8AC644FD-3B0A-5E38-DFD7-1B4D2EF465C5}.Debug|Any CPU.Build.0 = Debug|Any CPU
		{8AC644FD-3B0A-5E38-DFD7-1B4D2EF465C5}.Release|Any CPU.ActiveCfg = Release|Any CPU
		{8AC644FD-3B0A-5E38-DFD7-1B4D2EF465C5}.Release|Any CPU.Build.0 = Release|Any CPU
		{A7834AED-E783-1E82-4A17-A9646F7976EC}.Debug|Any CPU.ActiveCfg = Debug|Any CPU
		{A7834AED-E783-1E82-4A17-A9646F7976EC}.Debug|Any CPU.Build.0 = Debug|Any CPU
		{A7834AED-E783-1E82-4A17-A9646F7976EC}.Release|Any CPU.ActiveCfg = Release|Any CPU
		{A7834AED-E783-1E82-4A17-A9646F7976EC}.Release|Any CPU.Build.0 = Release|Any CPU
		{C1E85E19-C3A1-EE54-E2A8-812664119711}.Debug|Any CPU.ActiveCfg = Debug|Any CPU
		{C1E85E19-C3A1-EE54-E2A8-812664119711}.Debug|Any CPU.Build.0 = Debug|Any CPU
		{C1E85E19-C3A1-EE54-E2A8-812664119711}.Release|Any CPU.ActiveCfg = Release|Any CPU
		{C1E85E19-C3A1-EE54-E2A8-812664119711}.Release|Any CPU.Build.0 = Release|Any CPU
		{D0B862F8-EC8C-62EE-7490-572A51E163EA}.Debug|Any CPU.ActiveCfg = Debug|Any CPU
		{D0B862F8-EC8C-62EE-7490-572A51E163EA}.Debug|Any CPU.Build.0 = Debug|Any CPU
		{D0B862F8-EC8C-62EE-7490-572A51E163EA}.Release|Any CPU.ActiveCfg = Release|Any CPU
		{D0B862F8-EC8C-62EE-7490-572A51E163EA}.Release|Any CPU.Build.0 = Release|Any CPU
		{79192561-100D-851C-C000-19B00D66C00F}.Debug|Any CPU.ActiveCfg = Debug|Any CPU
		{79192561-100D-851C-C000-19B00D66C00F}.Debug|Any CPU.Build.0 = Debug|Any CPU
		{79192561-100D-851C-C000-19B00D66C00F}.Release|Any CPU.ActiveCfg = Release|Any CPU
		{79192561-100D-851C-C000-19B00D66C00F}.Release|Any CPU.Build.0 = Release|Any CPU
		{A3FCA843-FC4C-ADBB-F0E6-D03C6B37F4C0}.Debug|Any CPU.ActiveCfg = Debug|Any CPU
		{A3FCA843-FC4C-ADBB-F0E6-D03C6B37F4C0}.Debug|Any CPU.Build.0 = Debug|Any CPU
		{A3FCA843-FC4C-ADBB-F0E6-D03C6B37F4C0}.Release|Any CPU.ActiveCfg = Release|Any CPU
		{A3FCA843-FC4C-ADBB-F0E6-D03C6B37F4C0}.Release|Any CPU.Build.0 = Release|Any CPU
		{0115BD75-E10E-F6D4-7339-EDA6C493F84A}.Debug|Any CPU.ActiveCfg = Debug|Any CPU
		{0115BD75-E10E-F6D4-7339-EDA6C493F84A}.Debug|Any CPU.Build.0 = Debug|Any CPU
		{0115BD75-E10E-F6D4-7339-EDA6C493F84A}.Release|Any CPU.ActiveCfg = Release|Any CPU
		{0115BD75-E10E-F6D4-7339-EDA6C493F84A}.Release|Any CPU.Build.0 = Release|Any CPU
		{1E41912A-29E1-8B30-D289-B62326F0070B}.Debug|Any CPU.ActiveCfg = Debug|Any CPU
		{1E41912A-29E1-8B30-D289-B62326F0070B}.Debug|Any CPU.Build.0 = Debug|Any CPU
		{1E41912A-29E1-8B30-D289-B62326F0070B}.Release|Any CPU.ActiveCfg = Release|Any CPU
		{1E41912A-29E1-8B30-D289-B62326F0070B}.Release|Any CPU.Build.0 = Release|Any CPU
		{4398B69C-BA97-6742-B69E-C4F29B6D9671}.Debug|Any CPU.ActiveCfg = Debug|Any CPU
		{4398B69C-BA97-6742-B69E-C4F29B6D9671}.Debug|Any CPU.Build.0 = Debug|Any CPU
		{4398B69C-BA97-6742-B69E-C4F29B6D9671}.Release|Any CPU.ActiveCfg = Release|Any CPU
		{4398B69C-BA97-6742-B69E-C4F29B6D9671}.Release|Any CPU.Build.0 = Release|Any CPU
		{026919F4-D15B-F7A3-5055-915EB98DB6E6}.Debug|Any CPU.ActiveCfg = Debug|Any CPU
		{026919F4-D15B-F7A3-5055-915EB98DB6E6}.Debug|Any CPU.Build.0 = Debug|Any CPU
		{026919F4-D15B-F7A3-5055-915EB98DB6E6}.Release|Any CPU.ActiveCfg = Release|Any CPU
		{026919F4-D15B-F7A3-5055-915EB98DB6E6}.Release|Any CPU.Build.0 = Release|Any CPU
		{FD2545A7-7919-D279-57CB-E2214E4434D2}.Debug|Any CPU.ActiveCfg = Debug|Any CPU
		{FD2545A7-7919-D279-57CB-E2214E4434D2}.Debug|Any CPU.Build.0 = Debug|Any CPU
		{FD2545A7-7919-D279-57CB-E2214E4434D2}.Release|Any CPU.ActiveCfg = Release|Any CPU
		{FD2545A7-7919-D279-57CB-E2214E4434D2}.Release|Any CPU.Build.0 = Release|Any CPU
		{F7A9319B-EEDF-1E9B-21E1-72D8EBC2EEDD}.Debug|Any CPU.ActiveCfg = Debug|Any CPU
		{F7A9319B-EEDF-1E9B-21E1-72D8EBC2EEDD}.Debug|Any CPU.Build.0 = Debug|Any CPU
		{F7A9319B-EEDF-1E9B-21E1-72D8EBC2EEDD}.Release|Any CPU.ActiveCfg = Release|Any CPU
		{F7A9319B-EEDF-1E9B-21E1-72D8EBC2EEDD}.Release|Any CPU.Build.0 = Release|Any CPU
		{EEA4C37C-767A-3FB7-15ED-C59A9562AD5F}.Debug|Any CPU.ActiveCfg = Debug|Any CPU
		{EEA4C37C-767A-3FB7-15ED-C59A9562AD5F}.Debug|Any CPU.Build.0 = Debug|Any CPU
		{EEA4C37C-767A-3FB7-15ED-C59A9562AD5F}.Release|Any CPU.ActiveCfg = Release|Any CPU
		{EEA4C37C-767A-3FB7-15ED-C59A9562AD5F}.Release|Any CPU.Build.0 = Release|Any CPU
		{DC342AE7-1BF8-726A-6EE4-E5370A39847E}.Debug|Any CPU.ActiveCfg = Debug|Any CPU
		{DC342AE7-1BF8-726A-6EE4-E5370A39847E}.Debug|Any CPU.Build.0 = Debug|Any CPU
		{DC342AE7-1BF8-726A-6EE4-E5370A39847E}.Release|Any CPU.ActiveCfg = Release|Any CPU
		{DC342AE7-1BF8-726A-6EE4-E5370A39847E}.Release|Any CPU.Build.0 = Release|Any CPU
		{1D815E9D-C2D5-C01A-FDEC-039BB0584D57}.Debug|Any CPU.ActiveCfg = Debug|Any CPU
		{1D815E9D-C2D5-C01A-FDEC-039BB0584D57}.Debug|Any CPU.Build.0 = Debug|Any CPU
		{1D815E9D-C2D5-C01A-FDEC-039BB0584D57}.Release|Any CPU.ActiveCfg = Release|Any CPU
		{1D815E9D-C2D5-C01A-FDEC-039BB0584D57}.Release|Any CPU.Build.0 = Release|Any CPU
		{2EAFDF1C-5573-9A97-A784-5F91CD5C72D3}.Debug|Any CPU.ActiveCfg = Debug|Any CPU
		{2EAFDF1C-5573-9A97-A784-5F91CD5C72D3}.Debug|Any CPU.Build.0 = Debug|Any CPU
		{2EAFDF1C-5573-9A97-A784-5F91CD5C72D3}.Release|Any CPU.ActiveCfg = Release|Any CPU
		{2EAFDF1C-5573-9A97-A784-5F91CD5C72D3}.Release|Any CPU.Build.0 = Release|Any CPU
		{159C6883-2874-6EC4-5B7B-FA3B8F6772C9}.Debug|Any CPU.ActiveCfg = Debug|Any CPU
		{159C6883-2874-6EC4-5B7B-FA3B8F6772C9}.Debug|Any CPU.Build.0 = Debug|Any CPU
		{159C6883-2874-6EC4-5B7B-FA3B8F6772C9}.Release|Any CPU.ActiveCfg = Release|Any CPU
		{159C6883-2874-6EC4-5B7B-FA3B8F6772C9}.Release|Any CPU.Build.0 = Release|Any CPU
		{F2E2B074-0A79-45B9-710B-1F50B706E01D}.Debug|Any CPU.ActiveCfg = Debug|Any CPU
		{F2E2B074-0A79-45B9-710B-1F50B706E01D}.Debug|Any CPU.Build.0 = Debug|Any CPU
		{F2E2B074-0A79-45B9-710B-1F50B706E01D}.Release|Any CPU.ActiveCfg = Release|Any CPU
		{F2E2B074-0A79-45B9-710B-1F50B706E01D}.Release|Any CPU.Build.0 = Release|Any CPU
		{B58D9038-69A7-E900-6451-8A404CEB40CD}.Debug|Any CPU.ActiveCfg = Debug|Any CPU
		{B58D9038-69A7-E900-6451-8A404CEB40CD}.Debug|Any CPU.Build.0 = Debug|Any CPU
		{B58D9038-69A7-E900-6451-8A404CEB40CD}.Release|Any CPU.ActiveCfg = Release|Any CPU
		{B58D9038-69A7-E900-6451-8A404CEB40CD}.Release|Any CPU.Build.0 = Release|Any CPU
		{74CA9AAC-84D5-EF12-CD29-D1D48C998DE5}.Debug|Any CPU.ActiveCfg = Debug|Any CPU
		{74CA9AAC-84D5-EF12-CD29-D1D48C998DE5}.Debug|Any CPU.Build.0 = Debug|Any CPU
		{74CA9AAC-84D5-EF12-CD29-D1D48C998DE5}.Release|Any CPU.ActiveCfg = Release|Any CPU
		{74CA9AAC-84D5-EF12-CD29-D1D48C998DE5}.Release|Any CPU.Build.0 = Release|Any CPU
		{AA34B87B-BDB8-DDE8-D2F2-E5E18182C7BF}.Debug|Any CPU.ActiveCfg = Debug|Any CPU
		{AA34B87B-BDB8-DDE8-D2F2-E5E18182C7BF}.Debug|Any CPU.Build.0 = Debug|Any CPU
		{AA34B87B-BDB8-DDE8-D2F2-E5E18182C7BF}.Release|Any CPU.ActiveCfg = Release|Any CPU
		{AA34B87B-BDB8-DDE8-D2F2-E5E18182C7BF}.Release|Any CPU.Build.0 = Release|Any CPU
	EndGlobalSection
	GlobalSection(SolutionProperties) = preSolution
		HideSolutionNode = FALSE
	EndGlobalSection
EndGlobal
